
Microsoft Visual Studio Solution File, Format Version 12.00
# Visual Studio Version 17
VisualStudioVersion = 17.9.34622.214
MinimumVisualStudioVersion = 10.0.40219.1
Project("{FAE04EC0-301F-11D3-BF4B-00C04F79EFBC}") = "Практична 1.1", "Практична 1.1\Практична 1.1.csproj", "{638AE10D-B1BA-4E3B-8968-EA31F758EC87}"
EndProject
Project("{2150E333-8FDC-42A3-9474-1A3956D46DE8}") = "Элементы решения", "Элементы решения", "{2B10C01E-50CE-4DBF-A94E-86E2E8B7A5BA}"
	ProjectSection(SolutionItems) = preProject
		..\..\XMLFile1.xml = ..\..\XMLFile1.xml
	EndProjectSection
EndProject
Global
	GlobalSection(SolutionConfigurationPlatforms) = preSolution
		Debug|Any CPU = Debug|Any CPU
		Release|Any CPU = Release|Any CPU
	EndGlobalSection
	GlobalSection(ProjectConfigurationPlatforms) = postSolution
		{638AE10D-B1BA-4E3B-8968-EA31F758EC87}.Debug|Any CPU.ActiveCfg = Debug|Any CPU
		{638AE10D-B1BA-4E3B-8968-EA31F758EC87}.Debug|Any CPU.Build.0 = Debug|Any CPU
		{638AE10D-B1BA-4E3B-8968-EA31F758EC87}.Release|Any CPU.ActiveCfg = Release|Any CPU
		{638AE10D-B1BA-4E3B-8968-EA31F758EC87}.Release|Any CPU.Build.0 = Release|Any CPU
	EndGlobalSection
	GlobalSection(SolutionProperties) = preSolution
		HideSolutionNode = FALSE
	EndGlobalSection
	GlobalSection(ExtensibilityGlobals) = postSolution
		SolutionGuid = {5E0A7FA9-06E5-41DB-BF41-57ECDF6E6E3D}
	EndGlobalSection
EndGlobal
