
Microsoft Visual Studio Solution File, Format Version 12.00
# Visual Studio Version 17
VisualStudioVersion = 17.11.35303.130
MinimumVisualStudioVersion = 10.0.40219.1
Project("{FAE04EC0-301F-11D3-BF4B-00C04F79EFBC}") = "Pr6.3.OOP", "Pr6.3.OOP\Pr6.3.OOP.csproj", "{C7F91909-5F18-43DF-A254-8507690D9DB1}"
EndProject
Global
	GlobalSection(SolutionConfigurationPlatforms) = preSolution
		Debug|Any CPU = Debug|Any CPU
		Release|Any CPU = Release|Any CPU
	EndGlobalSection
	GlobalSection(ProjectConfigurationPlatforms) = postSolution
		{C7F91909-5F18-43DF-A254-8507690D9DB1}.Debug|Any CPU.ActiveCfg = Debug|Any CPU
		{C7F91909-5F18-43DF-A254-8507690D9DB1}.Debug|Any CPU.Build.0 = Debug|Any CPU
		{C7F91909-5F18-43DF-A254-8507690D9DB1}.Release|Any CPU.ActiveCfg = Release|Any CPU
		{C7F91909-5F18-43DF-A254-8507690D9DB1}.Release|Any CPU.Build.0 = Release|Any CPU
	EndGlobalSection
	GlobalSection(SolutionProperties) = preSolution
		HideSolutionNode = FALSE
	EndGlobalSection
	GlobalSection(ExtensibilityGlobals) = postSolution
		SolutionGuid = {1D679F89-81DF-4634-804B-744E6603C5AB}
	EndGlobalSection
EndGlobal
