
Microsoft Visual Studio Solution File, Format Version 12.00
# Visual Studio Version 17
VisualStudioVersion = 17.11.35303.130
MinimumVisualStudioVersion = 10.0.40219.1
Project("{FAE04EC0-301F-11D3-BF4B-00C04F79EFBC}") = "Pr6.2.OOP", "Pr6.2.OOP\Pr6.2.OOP.csproj", "{964621DF-A34C-4D80-B74C-A7BA5CC52BA9}"
EndProject
Global
	GlobalSection(SolutionConfigurationPlatforms) = preSolution
		Debug|Any CPU = Debug|Any CPU
		Release|Any CPU = Release|Any CPU
	EndGlobalSection
	GlobalSection(ProjectConfigurationPlatforms) = postSolution
		{964621DF-A34C-4D80-B74C-A7BA5CC52BA9}.Debug|Any CPU.ActiveCfg = Debug|Any CPU
		{964621DF-A34C-4D80-B74C-A7BA5CC52BA9}.Debug|Any CPU.Build.0 = Debug|Any CPU
		{964621DF-A34C-4D80-B74C-A7BA5CC52BA9}.Release|Any CPU.ActiveCfg = Release|Any CPU
		{964621DF-A34C-4D80-B74C-A7BA5CC52BA9}.Release|Any CPU.Build.0 = Release|Any CPU
	EndGlobalSection
	GlobalSection(SolutionProperties) = preSolution
		HideSolutionNode = FALSE
	EndGlobalSection
	GlobalSection(ExtensibilityGlobals) = postSolution
		SolutionGuid = {5F000F1B-CDF8-4A6C-9436-7AF6DADDF42D}
	EndGlobalSection
EndGlobal
