
Microsoft Visual Studio Solution File, Format Version 12.00
# Visual Studio Version 17
VisualStudioVersion = 17.11.35303.130
MinimumVisualStudioVersion = 10.0.40219.1
Project("{FAE04EC0-301F-11D3-BF4B-00C04F79EFBC}") = "Лр4.ООП", "Лр4.ООП\Лр4.ООП.csproj", "{C7103F48-B12D-403F-9F1F-C53129DD20EE}"
EndProject
Global
	GlobalSection(SolutionConfigurationPlatforms) = preSolution
		Debug|Any CPU = Debug|Any CPU
		Release|Any CPU = Release|Any CPU
	EndGlobalSection
	GlobalSection(ProjectConfigurationPlatforms) = postSolution
		{C7103F48-B12D-403F-9F1F-C53129DD20EE}.Debug|Any CPU.ActiveCfg = Debug|Any CPU
		{C7103F48-B12D-403F-9F1F-C53129DD20EE}.Debug|Any CPU.Build.0 = Debug|Any CPU
		{C7103F48-B12D-403F-9F1F-C53129DD20EE}.Release|Any CPU.ActiveCfg = Release|Any CPU
		{C7103F48-B12D-403F-9F1F-C53129DD20EE}.Release|Any CPU.Build.0 = Release|Any CPU
	EndGlobalSection
	GlobalSection(SolutionProperties) = preSolution
		HideSolutionNode = FALSE
	EndGlobalSection
	GlobalSection(ExtensibilityGlobals) = postSolution
		SolutionGuid = {382F8390-0F70-4689-9FF3-1AABF66130E6}
	EndGlobalSection
EndGlobal
