
Microsoft Visual Studio Solution File, Format Version 12.00
# Visual Studio Version 17
VisualStudioVersion = 17.9.34622.214
MinimumVisualStudioVersion = 10.0.40219.1
Project("{FAE04EC0-301F-11D3-BF4B-00C04F79EFBC}") = "2Pr1.oop", "2Pr1.oop\2Pr1.oop.csproj", "{C463C081-3129-4022-9517-624A5A31F7D5}"
EndProject
Global
	GlobalSection(SolutionConfigurationPlatforms) = preSolution
		Debug|Any CPU = Debug|Any CPU
		Release|Any CPU = Release|Any CPU
	EndGlobalSection
	GlobalSection(ProjectConfigurationPlatforms) = postSolution
		{C463C081-3129-4022-9517-624A5A31F7D5}.Debug|Any CPU.ActiveCfg = Debug|Any CPU
		{C463C081-3129-4022-9517-624A5A31F7D5}.Debug|Any CPU.Build.0 = Debug|Any CPU
		{C463C081-3129-4022-9517-624A5A31F7D5}.Release|Any CPU.ActiveCfg = Release|Any CPU
		{C463C081-3129-4022-9517-624A5A31F7D5}.Release|Any CPU.Build.0 = Release|Any CPU
	EndGlobalSection
	GlobalSection(SolutionProperties) = preSolution
		HideSolutionNode = FALSE
	EndGlobalSection
	GlobalSection(ExtensibilityGlobals) = postSolution
		SolutionGuid = {113F30E8-8A27-46DA-A9B2-D1D0A85E75C7}
	EndGlobalSection
EndGlobal
