
Microsoft Visual Studio Solution File, Format Version 12.00
# Visual Studio Version 17
VisualStudioVersion = 17.9.34622.214
MinimumVisualStudioVersion = 10.0.40219.1
Project("{FAE04EC0-301F-11D3-BF4B-00C04F79EFBC}") = "Пр1.ООП", "Пр1.ООП\Пр1.ООП.csproj", "{E861EB23-B0C1-4E33-A1B5-F16388DBE71C}"
EndProject
Global
	GlobalSection(SolutionConfigurationPlatforms) = preSolution
		Debug|Any CPU = Debug|Any CPU
		Release|Any CPU = Release|Any CPU
	EndGlobalSection
	GlobalSection(ProjectConfigurationPlatforms) = postSolution
		{E861EB23-B0C1-4E33-A1B5-F16388DBE71C}.Debug|Any CPU.ActiveCfg = Debug|Any CPU
		{E861EB23-B0C1-4E33-A1B5-F16388DBE71C}.Debug|Any CPU.Build.0 = Debug|Any CPU
		{E861EB23-B0C1-4E33-A1B5-F16388DBE71C}.Release|Any CPU.ActiveCfg = Release|Any CPU
		{E861EB23-B0C1-4E33-A1B5-F16388DBE71C}.Release|Any CPU.Build.0 = Release|Any CPU
	EndGlobalSection
	GlobalSection(SolutionProperties) = preSolution
		HideSolutionNode = FALSE
	EndGlobalSection
	GlobalSection(ExtensibilityGlobals) = postSolution
		SolutionGuid = {DB3EAF93-638B-4482-8F51-04B539877FC0}
	EndGlobalSection
EndGlobal
