
Microsoft Visual Studio Solution File, Format Version 12.00
# Visual Studio Version 17
VisualStudioVersion = 17.11.35303.130
MinimumVisualStudioVersion = 10.0.40219.1
Project("{FAE04EC0-301F-11D3-BF4B-00C04F79EFBC}") = "Lr5.OOP", "Lr5.OOP\Lr5.OOP.csproj", "{DA0F5D80-A0E1-4BB7-A072-FE2F6B693C96}"
EndProject
Global
	GlobalSection(SolutionConfigurationPlatforms) = preSolution
		Debug|Any CPU = Debug|Any CPU
		Release|Any CPU = Release|Any CPU
	EndGlobalSection
	GlobalSection(ProjectConfigurationPlatforms) = postSolution
		{DA0F5D80-A0E1-4BB7-A072-FE2F6B693C96}.Debug|Any CPU.ActiveCfg = Debug|Any CPU
		{DA0F5D80-A0E1-4BB7-A072-FE2F6B693C96}.Debug|Any CPU.Build.0 = Debug|Any CPU
		{DA0F5D80-A0E1-4BB7-A072-FE2F6B693C96}.Release|Any CPU.ActiveCfg = Release|Any CPU
		{DA0F5D80-A0E1-4BB7-A072-FE2F6B693C96}.Release|Any CPU.Build.0 = Release|Any CPU
	EndGlobalSection
	GlobalSection(SolutionProperties) = preSolution
		HideSolutionNode = FALSE
	EndGlobalSection
	GlobalSection(ExtensibilityGlobals) = postSolution
		SolutionGuid = {2355224A-3260-4212-BE28-91268E12FC09}
	EndGlobalSection
EndGlobal
